
Microsoft Visual Studio Solution File, Format Version 12.00
# Visual Studio Version 16
VisualStudioVersion = 16.0.30804.86
MinimumVisualStudioVersion = 10.0.40219.1
Project("{FAE04EC0-301F-11D3-BF4B-00C04F79EFBC}") = "OnlineStore", "OnlineStore\OnlineStore.csproj", "{2B6E88E1-C92B-4635-B127-0FA5A06248BD}"
EndProject
Project("{FAE04EC0-301F-11D3-BF4B-00C04F79EFBC}") = "Model", "Model\Model.csproj", "{BB992091-2EE7-40E3-8324-F092D856DDE4}"
EndProject
Global
	GlobalSection(SolutionConfigurationPlatforms) = preSolution
		Debug|Any CPU = Debug|Any CPU
		Release|Any CPU = Release|Any CPU
	EndGlobalSection
	GlobalSection(ProjectConfigurationPlatforms) = postSolution
		{2B6E88E1-C92B-4635-B127-0FA5A06248BD}.Debug|Any CPU.ActiveCfg = Debug|Any CPU
		{2B6E88E1-C92B-4635-B127-0FA5A06248BD}.Debug|Any CPU.Build.0 = Debug|Any CPU
		{2B6E88E1-C92B-4635-B127-0FA5A06248BD}.Release|Any CPU.ActiveCfg = Release|Any CPU
		{2B6E88E1-C92B-4635-B127-0FA5A06248BD}.Release|Any CPU.Build.0 = Release|Any CPU
		{BB992091-2EE7-40E3-8324-F092D856DDE4}.Debug|Any CPU.ActiveCfg = Debug|Any CPU
		{BB992091-2EE7-40E3-8324-F092D856DDE4}.Debug|Any CPU.Build.0 = Debug|Any CPU
		{BB992091-2EE7-40E3-8324-F092D856DDE4}.Release|Any CPU.ActiveCfg = Release|Any CPU
		{BB992091-2EE7-40E3-8324-F092D856DDE4}.Release|Any CPU.Build.0 = Release|Any CPU
	EndGlobalSection
	GlobalSection(SolutionProperties) = preSolution
		HideSolutionNode = FALSE
	EndGlobalSection
	GlobalSection(ExtensibilityGlobals) = postSolution
		SolutionGuid = {821A126C-258F-4977-9D2B-25AFFAF12920}
	EndGlobalSection
EndGlobal
